
Microsoft Visual Studio Solution File, Format Version 12.00
# Visual Studio 2013
VisualStudioVersion = 12.0.30501.0
MinimumVisualStudioVersion = 10.0.40219.1
Project("{FAE04EC0-301F-11D3-BF4B-00C04F79EFBC}") = "CPApp", "CPApp\CPApp\CPApp.csproj", "{A868F32E-9136-4449-B890-4F6011A7AF9F}"
EndProject
Project("{FAE04EC0-301F-11D3-BF4B-00C04F79EFBC}") = "CPApp.iOS", "CPApp\CPApp.iOS\CPApp.iOS.csproj", "{20A07B3E-427C-41DD-B008-03340D1AB765}"
EndProject
Project("{FAE04EC0-301F-11D3-BF4B-00C04F79EFBC}") = "CPApp.Android", "CPApp\CPApp.Android\CPApp.Android.csproj", "{57B97127-6054-47CB-B8C4-DAAA4E6FACDA}"
EndProject
Project("{FAE04EC0-301F-11D3-BF4B-00C04F79EFBC}") = "CPApp.WinPhone", "CPApp\CPApp.WinPhone\CPApp.WinPhone.csproj", "{B0B74BD8-142F-4137-8ABE-AE9CDEA2843F}"
EndProject
Global
	GlobalSection(SolutionConfigurationPlatforms) = preSolution
		Ad-Hoc|Any CPU = Ad-Hoc|Any CPU
		Ad-Hoc|ARM = Ad-Hoc|ARM
		Ad-Hoc|iPhone = Ad-Hoc|iPhone
		Ad-Hoc|iPhoneSimulator = Ad-Hoc|iPhoneSimulator
		Ad-Hoc|Mixed Platforms = Ad-Hoc|Mixed Platforms
		Ad-Hoc|x86 = Ad-Hoc|x86
		AppStore|Any CPU = AppStore|Any CPU
		AppStore|ARM = AppStore|ARM
		AppStore|iPhone = AppStore|iPhone
		AppStore|iPhoneSimulator = AppStore|iPhoneSimulator
		AppStore|Mixed Platforms = AppStore|Mixed Platforms
		AppStore|x86 = AppStore|x86
		Debug|Any CPU = Debug|Any CPU
		Debug|ARM = Debug|ARM
		Debug|iPhone = Debug|iPhone
		Debug|iPhoneSimulator = Debug|iPhoneSimulator
		Debug|Mixed Platforms = Debug|Mixed Platforms
		Debug|x86 = Debug|x86
		Release|Any CPU = Release|Any CPU
		Release|ARM = Release|ARM
		Release|iPhone = Release|iPhone
		Release|iPhoneSimulator = Release|iPhoneSimulator
		Release|Mixed Platforms = Release|Mixed Platforms
		Release|x86 = Release|x86
	EndGlobalSection
	GlobalSection(ProjectConfigurationPlatforms) = postSolution
		{A868F32E-9136-4449-B890-4F6011A7AF9F}.Ad-Hoc|Any CPU.ActiveCfg = Release|Any CPU
		{A868F32E-9136-4449-B890-4F6011A7AF9F}.Ad-Hoc|Any CPU.Build.0 = Release|Any CPU
		{A868F32E-9136-4449-B890-4F6011A7AF9F}.Ad-Hoc|ARM.ActiveCfg = Release|Any CPU
		{A868F32E-9136-4449-B890-4F6011A7AF9F}.Ad-Hoc|iPhone.ActiveCfg = Release|Any CPU
		{A868F32E-9136-4449-B890-4F6011A7AF9F}.Ad-Hoc|iPhoneSimulator.ActiveCfg = Release|Any CPU
		{A868F32E-9136-4449-B890-4F6011A7AF9F}.Ad-Hoc|Mixed Platforms.ActiveCfg = Release|Any CPU
		{A868F32E-9136-4449-B890-4F6011A7AF9F}.Ad-Hoc|Mixed Platforms.Build.0 = Release|Any CPU
		{A868F32E-9136-4449-B890-4F6011A7AF9F}.Ad-Hoc|x86.ActiveCfg = Release|Any CPU
		{A868F32E-9136-4449-B890-4F6011A7AF9F}.AppStore|Any CPU.ActiveCfg = Release|Any CPU
		{A868F32E-9136-4449-B890-4F6011A7AF9F}.AppStore|Any CPU.Build.0 = Release|Any CPU
		{A868F32E-9136-4449-B890-4F6011A7AF9F}.AppStore|ARM.ActiveCfg = Release|Any CPU
		{A868F32E-9136-4449-B890-4F6011A7AF9F}.AppStore|iPhone.ActiveCfg = Release|Any CPU
		{A868F32E-9136-4449-B890-4F6011A7AF9F}.AppStore|iPhoneSimulator.ActiveCfg = Release|Any CPU
		{A868F32E-9136-4449-B890-4F6011A7AF9F}.AppStore|Mixed Platforms.ActiveCfg = Release|Any CPU
		{A868F32E-9136-4449-B890-4F6011A7AF9F}.AppStore|Mixed Platforms.Build.0 = Release|Any CPU
		{A868F32E-9136-4449-B890-4F6011A7AF9F}.AppStore|x86.ActiveCfg = Release|Any CPU
		{A868F32E-9136-4449-B890-4F6011A7AF9F}.Debug|Any CPU.ActiveCfg = Debug|Any CPU
		{A868F32E-9136-4449-B890-4F6011A7AF9F}.Debug|Any CPU.Build.0 = Debug|Any CPU
		{A868F32E-9136-4449-B890-4F6011A7AF9F}.Debug|ARM.ActiveCfg = Debug|Any CPU
		{A868F32E-9136-4449-B890-4F6011A7AF9F}.Debug|iPhone.ActiveCfg = Debug|Any CPU
		{A868F32E-9136-4449-B890-4F6011A7AF9F}.Debug|iPhoneSimulator.ActiveCfg = Debug|Any CPU
		{A868F32E-9136-4449-B890-4F6011A7AF9F}.Debug|Mixed Platforms.ActiveCfg = Debug|Any CPU
		{A868F32E-9136-4449-B890-4F6011A7AF9F}.Debug|Mixed Platforms.Build.0 = Debug|Any CPU
		{A868F32E-9136-4449-B890-4F6011A7AF9F}.Debug|x86.ActiveCfg = Debug|Any CPU
		{A868F32E-9136-4449-B890-4F6011A7AF9F}.Release|Any CPU.ActiveCfg = Release|Any CPU
		{A868F32E-9136-4449-B890-4F6011A7AF9F}.Release|Any CPU.Build.0 = Release|Any CPU
		{A868F32E-9136-4449-B890-4F6011A7AF9F}.Release|ARM.ActiveCfg = Release|Any CPU
		{A868F32E-9136-4449-B890-4F6011A7AF9F}.Release|iPhone.ActiveCfg = Release|Any CPU
		{A868F32E-9136-4449-B890-4F6011A7AF9F}.Release|iPhoneSimulator.ActiveCfg = Release|Any CPU
		{A868F32E-9136-4449-B890-4F6011A7AF9F}.Release|Mixed Platforms.ActiveCfg = Release|Any CPU
		{A868F32E-9136-4449-B890-4F6011A7AF9F}.Release|Mixed Platforms.Build.0 = Release|Any CPU
		{A868F32E-9136-4449-B890-4F6011A7AF9F}.Release|x86.ActiveCfg = Release|Any CPU
		{20A07B3E-427C-41DD-B008-03340D1AB765}.Ad-Hoc|Any CPU.ActiveCfg = Ad-Hoc|iPhone
		{20A07B3E-427C-41DD-B008-03340D1AB765}.Ad-Hoc|ARM.ActiveCfg = Ad-Hoc|iPhone
		{20A07B3E-427C-41DD-B008-03340D1AB765}.Ad-Hoc|iPhone.ActiveCfg = Ad-Hoc|iPhone
		{20A07B3E-427C-41DD-B008-03340D1AB765}.Ad-Hoc|iPhone.Build.0 = Ad-Hoc|iPhone
		{20A07B3E-427C-41DD-B008-03340D1AB765}.Ad-Hoc|iPhone.Deploy.0 = Ad-Hoc|iPhone
		{20A07B3E-427C-41DD-B008-03340D1AB765}.Ad-Hoc|iPhoneSimulator.ActiveCfg = Ad-Hoc|iPhoneSimulator
		{20A07B3E-427C-41DD-B008-03340D1AB765}.Ad-Hoc|iPhoneSimulator.Build.0 = Ad-Hoc|iPhoneSimulator
		{20A07B3E-427C-41DD-B008-03340D1AB765}.Ad-Hoc|iPhoneSimulator.Deploy.0 = Ad-Hoc|iPhoneSimulator
		{20A07B3E-427C-41DD-B008-03340D1AB765}.Ad-Hoc|Mixed Platforms.ActiveCfg = Ad-Hoc|iPhone
		{20A07B3E-427C-41DD-B008-03340D1AB765}.Ad-Hoc|Mixed Platforms.Build.0 = Ad-Hoc|iPhone
		{20A07B3E-427C-41DD-B008-03340D1AB765}.Ad-Hoc|Mixed Platforms.Deploy.0 = Ad-Hoc|iPhone
		{20A07B3E-427C-41DD-B008-03340D1AB765}.Ad-Hoc|x86.ActiveCfg = Ad-Hoc|iPhone
		{20A07B3E-427C-41DD-B008-03340D1AB765}.AppStore|Any CPU.ActiveCfg = AppStore|iPhone
		{20A07B3E-427C-41DD-B008-03340D1AB765}.AppStore|ARM.ActiveCfg = AppStore|iPhone
		{20A07B3E-427C-41DD-B008-03340D1AB765}.AppStore|iPhone.ActiveCfg = AppStore|iPhone
		{20A07B3E-427C-41DD-B008-03340D1AB765}.AppStore|iPhone.Build.0 = AppStore|iPhone
		{20A07B3E-427C-41DD-B008-03340D1AB765}.AppStore|iPhone.Deploy.0 = AppStore|iPhone
		{20A07B3E-427C-41DD-B008-03340D1AB765}.AppStore|iPhoneSimulator.ActiveCfg = AppStore|iPhoneSimulator
		{20A07B3E-427C-41DD-B008-03340D1AB765}.AppStore|iPhoneSimulator.Build.0 = AppStore|iPhoneSimulator
		{20A07B3E-427C-41DD-B008-03340D1AB765}.AppStore|iPhoneSimulator.Deploy.0 = AppStore|iPhoneSimulator
		{20A07B3E-427C-41DD-B008-03340D1AB765}.AppStore|Mixed Platforms.ActiveCfg = AppStore|iPhone
		{20A07B3E-427C-41DD-B008-03340D1AB765}.AppStore|Mixed Platforms.Build.0 = AppStore|iPhone
		{20A07B3E-427C-41DD-B008-03340D1AB765}.AppStore|Mixed Platforms.Deploy.0 = AppStore|iPhone
		{20A07B3E-427C-41DD-B008-03340D1AB765}.AppStore|x86.ActiveCfg = AppStore|iPhone
		{20A07B3E-427C-41DD-B008-03340D1AB765}.Debug|Any CPU.ActiveCfg = Debug|iPhone
		{20A07B3E-427C-41DD-B008-03340D1AB765}.Debug|ARM.ActiveCfg = Debug|iPhone
		{20A07B3E-427C-41DD-B008-03340D1AB765}.Debug|iPhone.ActiveCfg = Debug|iPhone
		{20A07B3E-427C-41DD-B008-03340D1AB765}.Debug|iPhone.Build.0 = Debug|iPhone
		{20A07B3E-427C-41DD-B008-03340D1AB765}.Debug|iPhone.Deploy.0 = Debug|iPhone
		{20A07B3E-427C-41DD-B008-03340D1AB765}.Debug|iPhoneSimulator.ActiveCfg = Debug|iPhoneSimulator
		{20A07B3E-427C-41DD-B008-03340D1AB765}.Debug|iPhoneSimulator.Build.0 = Debug|iPhoneSimulator
		{20A07B3E-427C-41DD-B008-03340D1AB765}.Debug|iPhoneSimulator.Deploy.0 = Debug|iPhoneSimulator
		{20A07B3E-427C-41DD-B008-03340D1AB765}.Debug|Mixed Platforms.ActiveCfg = Debug|iPhone
		{20A07B3E-427C-41DD-B008-03340D1AB765}.Debug|Mixed Platforms.Build.0 = Debug|iPhone
		{20A07B3E-427C-41DD-B008-03340D1AB765}.Debug|Mixed Platforms.Deploy.0 = Debug|iPhone
		{20A07B3E-427C-41DD-B008-03340D1AB765}.Debug|x86.ActiveCfg = Debug|iPhone
		{20A07B3E-427C-41DD-B008-03340D1AB765}.Release|Any CPU.ActiveCfg = Release|iPhone
		{20A07B3E-427C-41DD-B008-03340D1AB765}.Release|ARM.ActiveCfg = Release|iPhone
		{20A07B3E-427C-41DD-B008-03340D1AB765}.Release|iPhone.ActiveCfg = Release|iPhone
		{20A07B3E-427C-41DD-B008-03340D1AB765}.Release|iPhone.Build.0 = Release|iPhone
		{20A07B3E-427C-41DD-B008-03340D1AB765}.Release|iPhone.Deploy.0 = Release|iPhone
		{20A07B3E-427C-41DD-B008-03340D1AB765}.Release|iPhoneSimulator.ActiveCfg = Release|iPhoneSimulator
		{20A07B3E-427C-41DD-B008-03340D1AB765}.Release|iPhoneSimulator.Build.0 = Release|iPhoneSimulator
		{20A07B3E-427C-41DD-B008-03340D1AB765}.Release|iPhoneSimulator.Deploy.0 = Release|iPhoneSimulator
		{20A07B3E-427C-41DD-B008-03340D1AB765}.Release|Mixed Platforms.ActiveCfg = Release|iPhone
		{20A07B3E-427C-41DD-B008-03340D1AB765}.Release|Mixed Platforms.Build.0 = Release|iPhone
		{20A07B3E-427C-41DD-B008-03340D1AB765}.Release|Mixed Platforms.Deploy.0 = Release|iPhone
		{20A07B3E-427C-41DD-B008-03340D1AB765}.Release|x86.ActiveCfg = Release|iPhone
		{57B97127-6054-47CB-B8C4-DAAA4E6FACDA}.Ad-Hoc|Any CPU.ActiveCfg = Release|Any CPU
		{57B97127-6054-47CB-B8C4-DAAA4E6FACDA}.Ad-Hoc|Any CPU.Build.0 = Release|Any CPU
		{57B97127-6054-47CB-B8C4-DAAA4E6FACDA}.Ad-Hoc|Any CPU.Deploy.0 = Release|Any CPU
		{57B97127-6054-47CB-B8C4-DAAA4E6FACDA}.Ad-Hoc|ARM.ActiveCfg = Release|Any CPU
		{57B97127-6054-47CB-B8C4-DAAA4E6FACDA}.Ad-Hoc|iPhone.ActiveCfg = Release|Any CPU
		{57B97127-6054-47CB-B8C4-DAAA4E6FACDA}.Ad-Hoc|iPhoneSimulator.ActiveCfg = Release|Any CPU
		{57B97127-6054-47CB-B8C4-DAAA4E6FACDA}.Ad-Hoc|Mixed Platforms.ActiveCfg = Release|Any CPU
		{57B97127-6054-47CB-B8C4-DAAA4E6FACDA}.Ad-Hoc|Mixed Platforms.Build.0 = Release|Any CPU
		{57B97127-6054-47CB-B8C4-DAAA4E6FACDA}.Ad-Hoc|Mixed Platforms.Deploy.0 = Release|Any CPU
		{57B97127-6054-47CB-B8C4-DAAA4E6FACDA}.Ad-Hoc|x86.ActiveCfg = Release|Any CPU
		{57B97127-6054-47CB-B8C4-DAAA4E6FACDA}.AppStore|Any CPU.ActiveCfg = Release|Any CPU
		{57B97127-6054-47CB-B8C4-DAAA4E6FACDA}.AppStore|Any CPU.Build.0 = Release|Any CPU
		{57B97127-6054-47CB-B8C4-DAAA4E6FACDA}.AppStore|Any CPU.Deploy.0 = Release|Any CPU
		{57B97127-6054-47CB-B8C4-DAAA4E6FACDA}.AppStore|ARM.ActiveCfg = Release|Any CPU
		{57B97127-6054-47CB-B8C4-DAAA4E6FACDA}.AppStore|iPhone.ActiveCfg = Release|Any CPU
		{57B97127-6054-47CB-B8C4-DAAA4E6FACDA}.AppStore|iPhoneSimulator.ActiveCfg = Release|Any CPU
		{57B97127-6054-47CB-B8C4-DAAA4E6FACDA}.AppStore|Mixed Platforms.ActiveCfg = Release|Any CPU
		{57B97127-6054-47CB-B8C4-DAAA4E6FACDA}.AppStore|Mixed Platforms.Build.0 = Release|Any CPU
		{57B97127-6054-47CB-B8C4-DAAA4E6FACDA}.AppStore|Mixed Platforms.Deploy.0 = Release|Any CPU
		{57B97127-6054-47CB-B8C4-DAAA4E6FACDA}.AppStore|x86.ActiveCfg = Release|Any CPU
		{57B97127-6054-47CB-B8C4-DAAA4E6FACDA}.Debug|Any CPU.ActiveCfg = Debug|Any CPU
		{57B97127-6054-47CB-B8C4-DAAA4E6FACDA}.Debug|Any CPU.Build.0 = Debug|Any CPU
		{57B97127-6054-47CB-B8C4-DAAA4E6FACDA}.Debug|Any CPU.Deploy.0 = Debug|Any CPU
		{57B97127-6054-47CB-B8C4-DAAA4E6FACDA}.Debug|ARM.ActiveCfg = Debug|Any CPU
		{57B97127-6054-47CB-B8C4-DAAA4E6FACDA}.Debug|iPhone.ActiveCfg = Debug|Any CPU
		{57B97127-6054-47CB-B8C4-DAAA4E6FACDA}.Debug|iPhoneSimulator.ActiveCfg = Debug|Any CPU
		{57B97127-6054-47CB-B8C4-DAAA4E6FACDA}.Debug|Mixed Platforms.ActiveCfg = Debug|Any CPU
		{57B97127-6054-47CB-B8C4-DAAA4E6FACDA}.Debug|Mixed Platforms.Build.0 = Debug|Any CPU
		{57B97127-6054-47CB-B8C4-DAAA4E6FACDA}.Debug|Mixed Platforms.Deploy.0 = Debug|Any CPU
		{57B97127-6054-47CB-B8C4-DAAA4E6FACDA}.Debug|x86.ActiveCfg = Debug|Any CPU
		{57B97127-6054-47CB-B8C4-DAAA4E6FACDA}.Release|Any CPU.ActiveCfg = Release|Any CPU
		{57B97127-6054-47CB-B8C4-DAAA4E6FACDA}.Release|Any CPU.Build.0 = Release|Any CPU
		{57B97127-6054-47CB-B8C4-DAAA4E6FACDA}.Release|Any CPU.Deploy.0 = Release|Any CPU
		{57B97127-6054-47CB-B8C4-DAAA4E6FACDA}.Release|ARM.ActiveCfg = Release|Any CPU
		{57B97127-6054-47CB-B8C4-DAAA4E6FACDA}.Release|iPhone.ActiveCfg = Release|Any CPU
		{57B97127-6054-47CB-B8C4-DAAA4E6FACDA}.Release|iPhoneSimulator.ActiveCfg = Release|Any CPU
		{57B97127-6054-47CB-B8C4-DAAA4E6FACDA}.Release|Mixed Platforms.ActiveCfg = Release|Any CPU
		{57B97127-6054-47CB-B8C4-DAAA4E6FACDA}.Release|Mixed Platforms.Build.0 = Release|Any CPU
		{57B97127-6054-47CB-B8C4-DAAA4E6FACDA}.Release|Mixed Platforms.Deploy.0 = Release|Any CPU
		{57B97127-6054-47CB-B8C4-DAAA4E6FACDA}.Release|x86.ActiveCfg = Release|Any CPU
		{B0B74BD8-142F-4137-8ABE-AE9CDEA2843F}.Ad-Hoc|Any CPU.ActiveCfg = Release|Any CPU
		{B0B74BD8-142F-4137-8ABE-AE9CDEA2843F}.Ad-Hoc|Any CPU.Build.0 = Release|Any CPU
		{B0B74BD8-142F-4137-8ABE-AE9CDEA2843F}.Ad-Hoc|Any CPU.Deploy.0 = Release|Any CPU
		{B0B74BD8-142F-4137-8ABE-AE9CDEA2843F}.Ad-Hoc|ARM.ActiveCfg = Release|ARM
		{B0B74BD8-142F-4137-8ABE-AE9CDEA2843F}.Ad-Hoc|ARM.Build.0 = Release|ARM
		{B0B74BD8-142F-4137-8ABE-AE9CDEA2843F}.Ad-Hoc|ARM.Deploy.0 = Release|ARM
		{B0B74BD8-142F-4137-8ABE-AE9CDEA2843F}.Ad-Hoc|iPhone.ActiveCfg = Release|Any CPU
		{B0B74BD8-142F-4137-8ABE-AE9CDEA2843F}.Ad-Hoc|iPhoneSimulator.ActiveCfg = Release|Any CPU
		{B0B74BD8-142F-4137-8ABE-AE9CDEA2843F}.Ad-Hoc|Mixed Platforms.ActiveCfg = Release|x86
		{B0B74BD8-142F-4137-8ABE-AE9CDEA2843F}.Ad-Hoc|Mixed Platforms.Build.0 = Release|x86
		{B0B74BD8-142F-4137-8ABE-AE9CDEA2843F}.Ad-Hoc|Mixed Platforms.Deploy.0 = Release|x86
		{B0B74BD8-142F-4137-8ABE-AE9CDEA2843F}.Ad-Hoc|x86.ActiveCfg = Release|x86
		{B0B74BD8-142F-4137-8ABE-AE9CDEA2843F}.Ad-Hoc|x86.Build.0 = Release|x86
		{B0B74BD8-142F-4137-8ABE-AE9CDEA2843F}.Ad-Hoc|x86.Deploy.0 = Release|x86
		{B0B74BD8-142F-4137-8ABE-AE9CDEA2843F}.AppStore|Any CPU.ActiveCfg = Release|Any CPU
		{B0B74BD8-142F-4137-8ABE-AE9CDEA2843F}.AppStore|Any CPU.Build.0 = Release|Any CPU
		{B0B74BD8-142F-4137-8ABE-AE9CDEA2843F}.AppStore|Any CPU.Deploy.0 = Release|Any CPU
		{B0B74BD8-142F-4137-8ABE-AE9CDEA2843F}.AppStore|ARM.ActiveCfg = Release|ARM
		{B0B74BD8-142F-4137-8ABE-AE9CDEA2843F}.AppStore|ARM.Build.0 = Release|ARM
		{B0B74BD8-142F-4137-8ABE-AE9CDEA2843F}.AppStore|ARM.Deploy.0 = Release|ARM
		{B0B74BD8-142F-4137-8ABE-AE9CDEA2843F}.AppStore|iPhone.ActiveCfg = Release|Any CPU
		{B0B74BD8-142F-4137-8ABE-AE9CDEA2843F}.AppStore|iPhoneSimulator.ActiveCfg = Release|Any CPU
		{B0B74BD8-142F-4137-8ABE-AE9CDEA2843F}.AppStore|Mixed Platforms.ActiveCfg = Release|x86
		{B0B74BD8-142F-4137-8ABE-AE9CDEA2843F}.AppStore|Mixed Platforms.Build.0 = Release|x86
		{B0B74BD8-142F-4137-8ABE-AE9CDEA2843F}.AppStore|Mixed Platforms.Deploy.0 = Release|x86
		{B0B74BD8-142F-4137-8ABE-AE9CDEA2843F}.AppStore|x86.ActiveCfg = Release|x86
		{B0B74BD8-142F-4137-8ABE-AE9CDEA2843F}.AppStore|x86.Build.0 = Release|x86
		{B0B74BD8-142F-4137-8ABE-AE9CDEA2843F}.AppStore|x86.Deploy.0 = Release|x86
		{B0B74BD8-142F-4137-8ABE-AE9CDEA2843F}.Debug|Any CPU.ActiveCfg = Debug|Any CPU
		{B0B74BD8-142F-4137-8ABE-AE9CDEA2843F}.Debug|Any CPU.Build.0 = Debug|Any CPU
		{B0B74BD8-142F-4137-8ABE-AE9CDEA2843F}.Debug|Any CPU.Deploy.0 = Debug|Any CPU
		{B0B74BD8-142F-4137-8ABE-AE9CDEA2843F}.Debug|ARM.ActiveCfg = Debug|ARM
		{B0B74BD8-142F-4137-8ABE-AE9CDEA2843F}.Debug|ARM.Build.0 = Debug|ARM
		{B0B74BD8-142F-4137-8ABE-AE9CDEA2843F}.Debug|ARM.Deploy.0 = Debug|ARM
		{B0B74BD8-142F-4137-8ABE-AE9CDEA2843F}.Debug|iPhone.ActiveCfg = Debug|Any CPU
		{B0B74BD8-142F-4137-8ABE-AE9CDEA2843F}.Debug|iPhoneSimulator.ActiveCfg = Debug|Any CPU
		{B0B74BD8-142F-4137-8ABE-AE9CDEA2843F}.Debug|Mixed Platforms.ActiveCfg = Debug|x86
		{B0B74BD8-142F-4137-8ABE-AE9CDEA2843F}.Debug|Mixed Platforms.Build.0 = Debug|x86
		{B0B74BD8-142F-4137-8ABE-AE9CDEA2843F}.Debug|Mixed Platforms.Deploy.0 = Debug|x86
		{B0B74BD8-142F-4137-8ABE-AE9CDEA2843F}.Debug|x86.ActiveCfg = Debug|x86
		{B0B74BD8-142F-4137-8ABE-AE9CDEA2843F}.Debug|x86.Build.0 = Debug|x86
		{B0B74BD8-142F-4137-8ABE-AE9CDEA2843F}.Debug|x86.Deploy.0 = Debug|x86
		{B0B74BD8-142F-4137-8ABE-AE9CDEA2843F}.Release|Any CPU.ActiveCfg = Release|Any CPU
		{B0B74BD8-142F-4137-8ABE-AE9CDEA2843F}.Release|Any CPU.Build.0 = Release|Any CPU
		{B0B74BD8-142F-4137-8ABE-AE9CDEA2843F}.Release|Any CPU.Deploy.0 = Release|Any CPU
		{B0B74BD8-142F-4137-8ABE-AE9CDEA2843F}.Release|ARM.ActiveCfg = Release|ARM
		{B0B74BD8-142F-4137-8ABE-AE9CDEA2843F}.Release|ARM.Build.0 = Release|ARM
		{B0B74BD8-142F-4137-8ABE-AE9CDEA2843F}.Release|ARM.Deploy.0 = Release|ARM
		{B0B74BD8-142F-4137-8ABE-AE9CDEA2843F}.Release|iPhone.ActiveCfg = Release|Any CPU
		{B0B74BD8-142F-4137-8ABE-AE9CDEA2843F}.Release|iPhoneSimulator.ActiveCfg = Release|Any CPU
		{B0B74BD8-142F-4137-8ABE-AE9CDEA2843F}.Release|Mixed Platforms.ActiveCfg = Release|x86
		{B0B74BD8-142F-4137-8ABE-AE9CDEA2843F}.Release|Mixed Platforms.Build.0 = Release|x86
		{B0B74BD8-142F-4137-8ABE-AE9CDEA2843F}.Release|Mixed Platforms.Deploy.0 = Release|x86
		{B0B74BD8-142F-4137-8ABE-AE9CDEA2843F}.Release|x86.ActiveCfg = Release|x86
		{B0B74BD8-142F-4137-8ABE-AE9CDEA2843F}.Release|x86.Build.0 = Release|x86
		{B0B74BD8-142F-4137-8ABE-AE9CDEA2843F}.Release|x86.Deploy.0 = Release|x86
	EndGlobalSection
	GlobalSection(SolutionProperties) = preSolution
		HideSolutionNode = FALSE
	EndGlobalSection
EndGlobal
